
Microsoft Visual Studio Solution File, Format Version 12.00
# Visual Studio Version 17
VisualStudioVersion = 17.9.34723.18
MinimumVisualStudioVersion = 10.0.40219.1
Project("{8BC9CEB8-8B4A-11D0-8D11-00A0C91BC942}") = "lesson_00", "lesson_00\lesson_00.vcxproj", "{5AE73C66-6178-47EE-ACCD-3A66CE82A677}"
EndProject
Project("{8BC9CEB8-8B4A-11D0-8D11-00A0C91BC942}") = "lesson_01", "lesson_01\lesson_01.vcxproj", "{4C4F5338-147A-4429-8B71-72767AF9D106}"
EndProject
Project("{8BC9CEB8-8B4A-11D0-8D11-00A0C91BC942}") = "lesson_02", "lesson_02\lesson_02.vcxproj", "{72E727A4-14BA-48E9-8DB2-EED01C8501F6}"
EndProject
Project("{8BC9CEB8-8B4A-11D0-8D11-00A0C91BC942}") = "lesson_03", "lesson_03\lesson_03.vcxproj", "{356C662E-F3A4-48C0-9347-991C4C329C97}"
EndProject
Project("{8BC9CEB8-8B4A-11D0-8D11-00A0C91BC942}") = "lesson_04", "lesson_04\lesson_04.vcxproj", "{9ECCBF52-7AF9-46BC-8B0F-7F27974B48F1}"
EndProject
Project("{8BC9CEB8-8B4A-11D0-8D11-00A0C91BC942}") = "lesson_05", "lesson_05\lesson_05.vcxproj", "{759E0892-65B5-4D89-A259-77726D4B9903}"
EndProject
Project("{8BC9CEB8-8B4A-11D0-8D11-00A0C91BC942}") = "lesson_06", "lesson_06\lesson_06.vcxproj", "{E7043662-D101-433C-BF0B-BF9679F744B4}"
EndProject
Project("{8BC9CEB8-8B4A-11D0-8D11-00A0C91BC942}") = "lesson_07", "lesson_07\lesson_07.vcxproj", "{2304A3D0-0157-408F-9F40-F3FE6ECBF52B}"
EndProject
Project("{8BC9CEB8-8B4A-11D0-8D11-00A0C91BC942}") = "lesson_08", "lesson_08\lesson_08.vcxproj", "{E7116FF4-9073-48DE-9CCC-6E63A2CC126B}"
EndProject
Project("{8BC9CEB8-8B4A-11D0-8D11-00A0C91BC942}") = "lesson_09", "lesson_09\lesson_09.vcxproj", "{B2EE596C-A2FA-4669-804C-63BCEB7ADFC6}"
EndProject
Global
	GlobalSection(SolutionConfigurationPlatforms) = preSolution
		Debug|x64 = Debug|x64
		Debug|x86 = Debug|x86
		Release|x64 = Release|x64
		Release|x86 = Release|x86
	EndGlobalSection
	GlobalSection(ProjectConfigurationPlatforms) = postSolution
		{5AE73C66-6178-47EE-ACCD-3A66CE82A677}.Debug|x64.ActiveCfg = Debug|x64
		{5AE73C66-6178-47EE-ACCD-3A66CE82A677}.Debug|x64.Build.0 = Debug|x64
		{5AE73C66-6178-47EE-ACCD-3A66CE82A677}.Debug|x86.ActiveCfg = Debug|Win32
		{5AE73C66-6178-47EE-ACCD-3A66CE82A677}.Debug|x86.Build.0 = Debug|Win32
		{5AE73C66-6178-47EE-ACCD-3A66CE82A677}.Release|x64.ActiveCfg = Release|x64
		{5AE73C66-6178-47EE-ACCD-3A66CE82A677}.Release|x64.Build.0 = Release|x64
		{5AE73C66-6178-47EE-ACCD-3A66CE82A677}.Release|x86.ActiveCfg = Release|Win32
		{5AE73C66-6178-47EE-ACCD-3A66CE82A677}.Release|x86.Build.0 = Release|Win32
		{4C4F5338-147A-4429-8B71-72767AF9D106}.Debug|x64.ActiveCfg = Debug|x64
		{4C4F5338-147A-4429-8B71-72767AF9D106}.Debug|x64.Build.0 = Debug|x64
		{4C4F5338-147A-4429-8B71-72767AF9D106}.Debug|x86.ActiveCfg = Debug|Win32
		{4C4F5338-147A-4429-8B71-72767AF9D106}.Debug|x86.Build.0 = Debug|Win32
		{4C4F5338-147A-4429-8B71-72767AF9D106}.Release|x64.ActiveCfg = Release|x64
		{4C4F5338-147A-4429-8B71-72767AF9D106}.Release|x64.Build.0 = Release|x64
		{4C4F5338-147A-4429-8B71-72767AF9D106}.Release|x86.ActiveCfg = Release|Win32
		{4C4F5338-147A-4429-8B71-72767AF9D106}.Release|x86.Build.0 = Release|Win32
		{72E727A4-14BA-48E9-8DB2-EED01C8501F6}.Debug|x64.ActiveCfg = Debug|x64
		{72E727A4-14BA-48E9-8DB2-EED01C8501F6}.Debug|x64.Build.0 = Debug|x64
		{72E727A4-14BA-48E9-8DB2-EED01C8501F6}.Debug|x86.ActiveCfg = Debug|Win32
		{72E727A4-14BA-48E9-8DB2-EED01C8501F6}.Debug|x86.Build.0 = Debug|Win32
		{72E727A4-14BA-48E9-8DB2-EED01C8501F6}.Release|x64.ActiveCfg = Release|x64
		{72E727A4-14BA-48E9-8DB2-EED01C8501F6}.Release|x64.Build.0 = Release|x64
		{72E727A4-14BA-48E9-8DB2-EED01C8501F6}.Release|x86.ActiveCfg = Release|Win32
		{72E727A4-14BA-48E9-8DB2-EED01C8501F6}.Release|x86.Build.0 = Release|Win32
		{356C662E-F3A4-48C0-9347-991C4C329C97}.Debug|x64.ActiveCfg = Debug|x64
		{356C662E-F3A4-48C0-9347-991C4C329C97}.Debug|x64.Build.0 = Debug|x64
		{356C662E-F3A4-48C0-9347-991C4C329C97}.Debug|x86.ActiveCfg = Debug|Win32
		{356C662E-F3A4-48C0-9347-991C4C329C97}.Debug|x86.Build.0 = Debug|Win32
		{356C662E-F3A4-48C0-9347-991C4C329C97}.Release|x64.ActiveCfg = Release|x64
		{356C662E-F3A4-48C0-9347-991C4C329C97}.Release|x64.Build.0 = Release|x64
		{356C662E-F3A4-48C0-9347-991C4C329C97}.Release|x86.ActiveCfg = Release|Win32
		{356C662E-F3A4-48C0-9347-991C4C329C97}.Release|x86.Build.0 = Release|Win32
		{9ECCBF52-7AF9-46BC-8B0F-7F27974B48F1}.Debug|x64.ActiveCfg = Debug|x64
		{9ECCBF52-7AF9-46BC-8B0F-7F27974B48F1}.Debug|x64.Build.0 = Debug|x64
		{9ECCBF52-7AF9-46BC-8B0F-7F27974B48F1}.Debug|x86.ActiveCfg = Debug|Win32
		{9ECCBF52-7AF9-46BC-8B0F-7F27974B48F1}.Debug|x86.Build.0 = Debug|Win32
		{9ECCBF52-7AF9-46BC-8B0F-7F27974B48F1}.Release|x64.ActiveCfg = Release|x64
		{9ECCBF52-7AF9-46BC-8B0F-7F27974B48F1}.Release|x64.Build.0 = Release|x64
		{9ECCBF52-7AF9-46BC-8B0F-7F27974B48F1}.Release|x86.ActiveCfg = Release|Win32
		{9ECCBF52-7AF9-46BC-8B0F-7F27974B48F1}.Release|x86.Build.0 = Release|Win32
		{759E0892-65B5-4D89-A259-77726D4B9903}.Debug|x64.ActiveCfg = Debug|x64
		{759E0892-65B5-4D89-A259-77726D4B9903}.Debug|x64.Build.0 = Debug|x64
		{759E0892-65B5-4D89-A259-77726D4B9903}.Debug|x86.ActiveCfg = Debug|Win32
		{759E0892-65B5-4D89-A259-77726D4B9903}.Debug|x86.Build.0 = Debug|Win32
		{759E0892-65B5-4D89-A259-77726D4B9903}.Release|x64.ActiveCfg = Release|x64
		{759E0892-65B5-4D89-A259-77726D4B9903}.Release|x64.Build.0 = Release|x64
		{759E0892-65B5-4D89-A259-77726D4B9903}.Release|x86.ActiveCfg = Release|Win32
		{759E0892-65B5-4D89-A259-77726D4B9903}.Release|x86.Build.0 = Release|Win32
		{E7043662-D101-433C-BF0B-BF9679F744B4}.Debug|x64.ActiveCfg = Debug|x64
		{E7043662-D101-433C-BF0B-BF9679F744B4}.Debug|x64.Build.0 = Debug|x64
		{E7043662-D101-433C-BF0B-BF9679F744B4}.Debug|x86.ActiveCfg = Debug|Win32
		{E7043662-D101-433C-BF0B-BF9679F744B4}.Debug|x86.Build.0 = Debug|Win32
		{E7043662-D101-433C-BF0B-BF9679F744B4}.Release|x64.ActiveCfg = Release|x64
		{E7043662-D101-433C-BF0B-BF9679F744B4}.Release|x64.Build.0 = Release|x64
		{E7043662-D101-433C-BF0B-BF9679F744B4}.Release|x86.ActiveCfg = Release|Win32
		{E7043662-D101-433C-BF0B-BF9679F744B4}.Release|x86.Build.0 = Release|Win32
		{2304A3D0-0157-408F-9F40-F3FE6ECBF52B}.Debug|x64.ActiveCfg = Debug|x64
		{2304A3D0-0157-408F-9F40-F3FE6ECBF52B}.Debug|x64.Build.0 = Debug|x64
		{2304A3D0-0157-408F-9F40-F3FE6ECBF52B}.Debug|x86.ActiveCfg = Debug|Win32
		{2304A3D0-0157-408F-9F40-F3FE6ECBF52B}.Debug|x86.Build.0 = Debug|Win32
		{2304A3D0-0157-408F-9F40-F3FE6ECBF52B}.Release|x64.ActiveCfg = Release|x64
		{2304A3D0-0157-408F-9F40-F3FE6ECBF52B}.Release|x64.Build.0 = Release|x64
		{2304A3D0-0157-408F-9F40-F3FE6ECBF52B}.Release|x86.ActiveCfg = Release|Win32
		{2304A3D0-0157-408F-9F40-F3FE6ECBF52B}.Release|x86.Build.0 = Release|Win32
		{E7116FF4-9073-48DE-9CCC-6E63A2CC126B}.Debug|x64.ActiveCfg = Debug|x64
		{E7116FF4-9073-48DE-9CCC-6E63A2CC126B}.Debug|x64.Build.0 = Debug|x64
		{E7116FF4-9073-48DE-9CCC-6E63A2CC126B}.Debug|x86.ActiveCfg = Debug|Win32
		{E7116FF4-9073-48DE-9CCC-6E63A2CC126B}.Debug|x86.Build.0 = Debug|Win32
		{E7116FF4-9073-48DE-9CCC-6E63A2CC126B}.Release|x64.ActiveCfg = Release|x64
		{E7116FF4-9073-48DE-9CCC-6E63A2CC126B}.Release|x64.Build.0 = Release|x64
		{E7116FF4-9073-48DE-9CCC-6E63A2CC126B}.Release|x86.ActiveCfg = Release|Win32
		{E7116FF4-9073-48DE-9CCC-6E63A2CC126B}.Release|x86.Build.0 = Release|Win32
		{B2EE596C-A2FA-4669-804C-63BCEB7ADFC6}.Debug|x64.ActiveCfg = Debug|x64
		{B2EE596C-A2FA-4669-804C-63BCEB7ADFC6}.Debug|x64.Build.0 = Debug|x64
		{B2EE596C-A2FA-4669-804C-63BCEB7ADFC6}.Debug|x86.ActiveCfg = Debug|Win32
		{B2EE596C-A2FA-4669-804C-63BCEB7ADFC6}.Debug|x86.Build.0 = Debug|Win32
		{B2EE596C-A2FA-4669-804C-63BCEB7ADFC6}.Release|x64.ActiveCfg = Release|x64
		{B2EE596C-A2FA-4669-804C-63BCEB7ADFC6}.Release|x64.Build.0 = Release|x64
		{B2EE596C-A2FA-4669-804C-63BCEB7ADFC6}.Release|x86.ActiveCfg = Release|Win32
		{B2EE596C-A2FA-4669-804C-63BCEB7ADFC6}.Release|x86.Build.0 = Release|Win32
	EndGlobalSection
	GlobalSection(SolutionProperties) = preSolution
		HideSolutionNode = FALSE
	EndGlobalSection
	GlobalSection(ExtensibilityGlobals) = postSolution
		SolutionGuid = {82B655EF-BC53-44BE-BF59-90A675F284AE}
	EndGlobalSection
EndGlobal
